
Microsoft Visual Studio Solution File, Format Version 12.00
# Visual Studio 15
Project("{FAE04EC0-301F-11D3-BF4B-00C04F79EFBC}") = "SelectionPlane", "SelectionPlane.csproj", "{8DE2140F-D880-DBF7-36C3-12AD060D303C}"
EndProject
Project("{FAE04EC0-301F-11D3-BF4B-00C04F79EFBC}") = "SelectionPlane.Editor", "SelectionPlane.Editor.csproj", "{024C4475-8A5F-AEF0-B81C-DEAA6AAE63F4}"
EndProject
Global
	GlobalSection(SolutionConfigurationPlatforms) = preSolution
		Debug|Any CPU = Debug|Any CPU
		Release|Any CPU = Release|Any CPU
	EndGlobalSection
	GlobalSection(ProjectConfigurationPlatforms) = postSolution
		{8DE2140F-D880-DBF7-36C3-12AD060D303C}.Debug|Any CPU.ActiveCfg = Debug|Any CPU
		{8DE2140F-D880-DBF7-36C3-12AD060D303C}.Debug|Any CPU.Build.0 = Debug|Any CPU
		{8DE2140F-D880-DBF7-36C3-12AD060D303C}.Release|Any CPU.ActiveCfg = Release|Any CPU
		{8DE2140F-D880-DBF7-36C3-12AD060D303C}.Release|Any CPU.Build.0 = Release|Any CPU
		{024C4475-8A5F-AEF0-B81C-DEAA6AAE63F4}.Debug|Any CPU.ActiveCfg = Debug|Any CPU
		{024C4475-8A5F-AEF0-B81C-DEAA6AAE63F4}.Debug|Any CPU.Build.0 = Debug|Any CPU
		{024C4475-8A5F-AEF0-B81C-DEAA6AAE63F4}.Release|Any CPU.ActiveCfg = Release|Any CPU
		{024C4475-8A5F-AEF0-B81C-DEAA6AAE63F4}.Release|Any CPU.Build.0 = Release|Any CPU
	EndGlobalSection
	GlobalSection(SolutionProperties) = preSolution
		HideSolutionNode = FALSE
	EndGlobalSection
EndGlobal
